// !$*UTF8*$!
{
	archiveVersion = 1;
	classes = {
	};
	objectVersion = 46;
	objects = {

/* Begin PBXBuildFile section */
		4983B0811C5D8C430040E1E2 /* main.m in Sources */ = {isa = PBXBuildFile; fileRef = 4983B0801C5D8C430040E1E2 /* main.m */; };
		4983B0841C5D8C430040E1E2 /* NBAppDelegate.m in Sources */ = {isa = PBXBuildFile; fileRef = 4983B0831C5D8C430040E1E2 /* NBAppDelegate.m */; };
		4983B08C1C5D8C430040E1E2 /* Assets.xcassets in Resources */ = {isa = PBXBuildFile; fileRef = 4983B08B1C5D8C430040E1E2 /* Assets.xcassets */; };
		4983B08F1C5D8C430040E1E2 /* LaunchScreen.storyboard in Resources */ = {isa = PBXBuildFile; fileRef = 4983B08D1C5D8C430040E1E2 /* LaunchScreen.storyboard */; };
		4983B09E1C5E6ACF0040E1E2 /* NBContactsTableViewController.m in Sources */ = {isa = PBXBuildFile; fileRef = 4983B09D1C5E6ACF0040E1E2 /* NBContactsTableViewController.m */; };
		4983B0A31C5E6BA50040E1E2 /* NBAzureClient.m in Sources */ = {isa = PBXBuildFile; fileRef = 4983B0A21C5E6BA50040E1E2 /* NBAzureClient.m */; };
		4983B0A51C5E6FBB0040E1E2 /* FBSDKCoreKit.framework in Frameworks */ = {isa = PBXBuildFile; fileRef = 4983B0A41C5E6FBB0040E1E2 /* FBSDKCoreKit.framework */; };
		4983B0A91C5E72100040E1E2 /* NBLoginViewController.m in Sources */ = {isa = PBXBuildFile; fileRef = 4983B0A71C5E72100040E1E2 /* NBLoginViewController.m */; };
		4983B0AA1C5E72100040E1E2 /* NBLoginView.xib in Resources */ = {isa = PBXBuildFile; fileRef = 4983B0A81C5E72100040E1E2 /* NBLoginView.xib */; };
		4983B0AC1C5E7E130040E1E2 /* FBSDKLoginKit.framework in Frameworks */ = {isa = PBXBuildFile; fileRef = 4983B0AB1C5E7E130040E1E2 /* FBSDKLoginKit.framework */; };
		4983B0AE1C5E7EC00040E1E2 /* FBSDKShareKit.framework in Frameworks */ = {isa = PBXBuildFile; fileRef = 4983B0AD1C5E7EC00040E1E2 /* FBSDKShareKit.framework */; };
		4983B0B11C5EA7BB0040E1E2 /* NBRootViewController.m in Sources */ = {isa = PBXBuildFile; fileRef = 4983B0B01C5EA7BB0040E1E2 /* NBRootViewController.m */; };
		4983B0B41C5EBE1D0040E1E2 /* NBRootView.xib in Resources */ = {isa = PBXBuildFile; fileRef = 4983B0B31C5EBE1D0040E1E2 /* NBRootView.xib */; };
		4983B0B81C5EC0A20040E1E2 /* NBEditContactTableViewController.m in Sources */ = {isa = PBXBuildFile; fileRef = 4983B0B71C5EC0A20040E1E2 /* NBEditContactTableViewController.m */; };
		4983B0BD1C5EC1CF0040E1E2 /* NBTextfieldTableViewCell.m in Sources */ = {isa = PBXBuildFile; fileRef = 4983B0BB1C5EC1CF0040E1E2 /* NBTextfieldTableViewCell.m */; };
		4983B0BE1C5EC1CF0040E1E2 /* NBTextfieldTableViewCell.xib in Resources */ = {isa = PBXBuildFile; fileRef = 4983B0BC1C5EC1CF0040E1E2 /* NBTextfieldTableViewCell.xib */; };
		4983B0C01C5EF0A70040E1E2 /* MicrosoftAzureMobile.framework in Frameworks */ = {isa = PBXBuildFile; fileRef = 4983B0BF1C5EF0A70040E1E2 /* MicrosoftAzureMobile.framework */; };
		4983B0C41C5EF44A0040E1E2 /* NBUnderlineTextField.m in Sources */ = {isa = PBXBuildFile; fileRef = 4983B0C31C5EF44A0040E1E2 /* NBUnderlineTextField.m */; };
		49F5DDF51C60314300533DC5 /* SVProgressHUD.framework in Frameworks */ = {isa = PBXBuildFile; fileRef = 49F5DDF41C60314300533DC5 /* SVProgressHUD.framework */; };
		49F5DDF91C6033F400533DC5 /* NBContactHistoryTableViewController.m in Sources */ = {isa = PBXBuildFile; fileRef = 49F5DDF81C6033F400533DC5 /* NBContactHistoryTableViewController.m */; };
		49F5DDFD1C603A9B00533DC5 /* NBRightDetailTableViewCell.m in Sources */ = {isa = PBXBuildFile; fileRef = 49F5DDFB1C603A9B00533DC5 /* NBRightDetailTableViewCell.m */; };
		49F5DDFE1C603A9B00533DC5 /* NBRightDetailTableViewCell.xib in Resources */ = {isa = PBXBuildFile; fileRef = 49F5DDFC1C603A9B00533DC5 /* NBRightDetailTableViewCell.xib */; };
		49F5DE031C603CC500533DC5 /* NBEditMessageTableViewController.m in Sources */ = {isa = PBXBuildFile; fileRef = 49F5DE021C603CC500533DC5 /* NBEditMessageTableViewController.m */; };
		49F5DE071C603FA800533DC5 /* NBDatePickerTableViewCell.m in Sources */ = {isa = PBXBuildFile; fileRef = 49F5DE051C603FA800533DC5 /* NBDatePickerTableViewCell.m */; };
		49F5DE081C603FA800533DC5 /* NBDatePickerTableViewCell.xib in Resources */ = {isa = PBXBuildFile; fileRef = 49F5DE061C603FA800533DC5 /* NBDatePickerTableViewCell.xib */; };
/* End PBXBuildFile section */

/* Begin PBXFileReference section */
		4983B07C1C5D8C430040E1E2 /* AzureCRM.app */ = {isa = PBXFileReference; explicitFileType = wrapper.application; includeInIndex = 0; path = AzureCRM.app; sourceTree = BUILT_PRODUCTS_DIR; };
		4983B0801C5D8C430040E1E2 /* main.m */ = {isa = PBXFileReference; lastKnownFileType = sourcecode.c.objc; path = main.m; sourceTree = "<group>"; };
		4983B0821C5D8C430040E1E2 /* NBAppDelegate.h */ = {isa = PBXFileReference; lastKnownFileType = sourcecode.c.h; path = NBAppDelegate.h; sourceTree = "<group>"; };
		4983B0831C5D8C430040E1E2 /* NBAppDelegate.m */ = {isa = PBXFileReference; lastKnownFileType = sourcecode.c.objc; path = NBAppDelegate.m; sourceTree = "<group>"; };
		4983B08B1C5D8C430040E1E2 /* Assets.xcassets */ = {isa = PBXFileReference; lastKnownFileType = folder.assetcatalog; path = Assets.xcassets; sourceTree = "<group>"; };
		4983B08E1C5D8C430040E1E2 /* Base */ = {isa = PBXFileReference; lastKnownFileType = file.storyboard; name = Base; path = Base.lproj/LaunchScreen.storyboard; sourceTree = "<group>"; };
		4983B0901C5D8C430040E1E2 /* Info.plist */ = {isa = PBXFileReference; lastKnownFileType = text.plist.xml; path = Info.plist; sourceTree = "<group>"; };
		4983B09C1C5E6ACF0040E1E2 /* NBContactsTableViewController.h */ = {isa = PBXFileReference; fileEncoding = 4; lastKnownFileType = sourcecode.c.h; path = NBContactsTableViewController.h; sourceTree = "<group>"; };
		4983B09D1C5E6ACF0040E1E2 /* NBContactsTableViewController.m */ = {isa = PBXFileReference; fileEncoding = 4; lastKnownFileType = sourcecode.c.objc; path = NBContactsTableViewController.m; sourceTree = "<group>"; };
		4983B0A11C5E6BA50040E1E2 /* NBAzureClient.h */ = {isa = PBXFileReference; fileEncoding = 4; lastKnownFileType = sourcecode.c.h; path = NBAzureClient.h; sourceTree = "<group>"; };
		4983B0A21C5E6BA50040E1E2 /* NBAzureClient.m */ = {isa = PBXFileReference; fileEncoding = 4; lastKnownFileType = sourcecode.c.objc; path = NBAzureClient.m; sourceTree = "<group>"; };
		4983B0A41C5E6FBB0040E1E2 /* FBSDKCoreKit.framework */ = {isa = PBXFileReference; lastKnownFileType = wrapper.framework; name = FBSDKCoreKit.framework; path = "../FacebookSDKs-iOS/FBSDKCoreKit.framework"; sourceTree = "<group>"; };
		4983B0A61C5E72100040E1E2 /* NBLoginViewController.h */ = {isa = PBXFileReference; fileEncoding = 4; lastKnownFileType = sourcecode.c.h; path = NBLoginViewController.h; sourceTree = "<group>"; };
		4983B0A71C5E72100040E1E2 /* NBLoginViewController.m */ = {isa = PBXFileReference; fileEncoding = 4; lastKnownFileType = sourcecode.c.objc; path = NBLoginViewController.m; sourceTree = "<group>"; };
		4983B0A81C5E72100040E1E2 /* NBLoginView.xib */ = {isa = PBXFileReference; fileEncoding = 4; lastKnownFileType = file.xib; path = NBLoginView.xib; sourceTree = "<group>"; };
		4983B0AB1C5E7E130040E1E2 /* FBSDKLoginKit.framework */ = {isa = PBXFileReference; lastKnownFileType = wrapper.framework; name = FBSDKLoginKit.framework; path = "../FacebookSDKs-iOS/FBSDKLoginKit.framework"; sourceTree = "<group>"; };
		4983B0AD1C5E7EC00040E1E2 /* FBSDKShareKit.framework */ = {isa = PBXFileReference; lastKnownFileType = wrapper.framework; name = FBSDKShareKit.framework; path = "../FacebookSDKs-iOS/FBSDKShareKit.framework"; sourceTree = "<group>"; };
		4983B0AF1C5EA7BB0040E1E2 /* NBRootViewController.h */ = {isa = PBXFileReference; fileEncoding = 4; lastKnownFileType = sourcecode.c.h; path = NBRootViewController.h; sourceTree = "<group>"; };
		4983B0B01C5EA7BB0040E1E2 /* NBRootViewController.m */ = {isa = PBXFileReference; fileEncoding = 4; lastKnownFileType = sourcecode.c.objc; path = NBRootViewController.m; sourceTree = "<group>"; };
		4983B0B31C5EBE1D0040E1E2 /* NBRootView.xib */ = {isa = PBXFileReference; fileEncoding = 4; lastKnownFileType = file.xib; path = NBRootView.xib; sourceTree = "<group>"; };
		4983B0B61C5EC0A20040E1E2 /* NBEditContactTableViewController.h */ = {isa = PBXFileReference; fileEncoding = 4; lastKnownFileType = sourcecode.c.h; path = NBEditContactTableViewController.h; sourceTree = "<group>"; };
		4983B0B71C5EC0A20040E1E2 /* NBEditContactTableViewController.m */ = {isa = PBXFileReference; fileEncoding = 4; lastKnownFileType = sourcecode.c.objc; path = NBEditContactTableViewController.m; sourceTree = "<group>"; };
		4983B0BA1C5EC1CF0040E1E2 /* NBTextfieldTableViewCell.h */ = {isa = PBXFileReference; fileEncoding = 4; lastKnownFileType = sourcecode.c.h; path = NBTextfieldTableViewCell.h; sourceTree = "<group>"; };
		4983B0BB1C5EC1CF0040E1E2 /* NBTextfieldTableViewCell.m */ = {isa = PBXFileReference; fileEncoding = 4; lastKnownFileType = sourcecode.c.objc; path = NBTextfieldTableViewCell.m; sourceTree = "<group>"; };
		4983B0BC1C5EC1CF0040E1E2 /* NBTextfieldTableViewCell.xib */ = {isa = PBXFileReference; fileEncoding = 4; lastKnownFileType = file.xib; path = NBTextfieldTableViewCell.xib; sourceTree = "<group>"; };
		4983B0BF1C5EF0A70040E1E2 /* MicrosoftAzureMobile.framework */ = {isa = PBXFileReference; lastKnownFileType = wrapper.framework; name = MicrosoftAzureMobile.framework; path = ../MicrosoftAzureMobile.framework; sourceTree = "<group>"; };
		4983B0C21C5EF44A0040E1E2 /* NBUnderlineTextField.h */ = {isa = PBXFileReference; fileEncoding = 4; lastKnownFileType = sourcecode.c.h; path = NBUnderlineTextField.h; sourceTree = "<group>"; };
		4983B0C31C5EF44A0040E1E2 /* NBUnderlineTextField.m */ = {isa = PBXFileReference; fileEncoding = 4; lastKnownFileType = sourcecode.c.objc; path = NBUnderlineTextField.m; sourceTree = "<group>"; };
		49F5DDF41C60314300533DC5 /* SVProgressHUD.framework */ = {isa = PBXFileReference; lastKnownFileType = wrapper.framework; name = SVProgressHUD.framework; path = ../Carthage/Build/iOS/SVProgressHUD.framework; sourceTree = "<group>"; };
		49F5DDF71C6033F400533DC5 /* NBContactHistoryTableViewController.h */ = {isa = PBXFileReference; fileEncoding = 4; lastKnownFileType = sourcecode.c.h; path = NBContactHistoryTableViewController.h; sourceTree = "<group>"; };
		49F5DDF81C6033F400533DC5 /* NBContactHistoryTableViewController.m */ = {isa = PBXFileReference; fileEncoding = 4; lastKnownFileType = sourcecode.c.objc; path = NBContactHistoryTableViewController.m; sourceTree = "<group>"; };
		49F5DDFA1C603A9B00533DC5 /* NBRightDetailTableViewCell.h */ = {isa = PBXFileReference; fileEncoding = 4; lastKnownFileType = sourcecode.c.h; path = NBRightDetailTableViewCell.h; sourceTree = "<group>"; };
		49F5DDFB1C603A9B00533DC5 /* NBRightDetailTableViewCell.m */ = {isa = PBXFileReference; fileEncoding = 4; lastKnownFileType = sourcecode.c.objc; path = NBRightDetailTableViewCell.m; sourceTree = "<group>"; };
		49F5DDFC1C603A9B00533DC5 /* NBRightDetailTableViewCell.xib */ = {isa = PBXFileReference; fileEncoding = 4; lastKnownFileType = file.xib; path = NBRightDetailTableViewCell.xib; sourceTree = "<group>"; };
		49F5DE011C603CC500533DC5 /* NBEditMessageTableViewController.h */ = {isa = PBXFileReference; fileEncoding = 4; lastKnownFileType = sourcecode.c.h; path = NBEditMessageTableViewController.h; sourceTree = "<group>"; };
		49F5DE021C603CC500533DC5 /* NBEditMessageTableViewController.m */ = {isa = PBXFileReference; fileEncoding = 4; lastKnownFileType = sourcecode.c.objc; path = NBEditMessageTableViewController.m; sourceTree = "<group>"; };
		49F5DE041C603FA800533DC5 /* NBDatePickerTableViewCell.h */ = {isa = PBXFileReference; fileEncoding = 4; lastKnownFileType = sourcecode.c.h; path = NBDatePickerTableViewCell.h; sourceTree = "<group>"; };
		49F5DE051C603FA800533DC5 /* NBDatePickerTableViewCell.m */ = {isa = PBXFileReference; fileEncoding = 4; lastKnownFileType = sourcecode.c.objc; path = NBDatePickerTableViewCell.m; sourceTree = "<group>"; };
		49F5DE061C603FA800533DC5 /* NBDatePickerTableViewCell.xib */ = {isa = PBXFileReference; fileEncoding = 4; lastKnownFileType = file.xib; path = NBDatePickerTableViewCell.xib; sourceTree = "<group>"; };
/* End PBXFileReference section */

/* Begin PBXFrameworksBuildPhase section */
		4983B0791C5D8C430040E1E2 /* Frameworks */ = {
			isa = PBXFrameworksBuildPhase;
			buildActionMask = 2147483647;
			files = (
				49F5DDF51C60314300533DC5 /* SVProgressHUD.framework in Frameworks */,
				4983B0C01C5EF0A70040E1E2 /* MicrosoftAzureMobile.framework in Frameworks */,
				4983B0AE1C5E7EC00040E1E2 /* FBSDKShareKit.framework in Frameworks */,
				4983B0AC1C5E7E130040E1E2 /* FBSDKLoginKit.framework in Frameworks */,
				4983B0A51C5E6FBB0040E1E2 /* FBSDKCoreKit.framework in Frameworks */,
			);
			runOnlyForDeploymentPostprocessing = 0;
		};
/* End PBXFrameworksBuildPhase section */

/* Begin PBXGroup section */
		4983B0731C5D8C430040E1E2 = {
			isa = PBXGroup;
			children = (
				4983B07E1C5D8C430040E1E2 /* AzureCRM */,
				4983B07D1C5D8C430040E1E2 /* Products */,
			);
			sourceTree = "<group>";
		};
		4983B07D1C5D8C430040E1E2 /* Products */ = {
			isa = PBXGroup;
			children = (
				4983B07C1C5D8C430040E1E2 /* AzureCRM.app */,
			);
			name = Products;
			sourceTree = "<group>";
		};
		4983B07E1C5D8C430040E1E2 /* AzureCRM */ = {
			isa = PBXGroup;
			children = (
				4983B0B91C5EC1B10040E1E2 /* Tableview Cells */,
				4983B0A01C5E6B810040E1E2 /* Classes */,
				4983B09F1C5E6AF90040E1E2 /* View Controllers */,
				4983B08B1C5D8C430040E1E2 /* Assets.xcassets */,
				4983B08D1C5D8C430040E1E2 /* LaunchScreen.storyboard */,
				4983B0901C5D8C430040E1E2 /* Info.plist */,
				4983B07F1C5D8C430040E1E2 /* Supporting Files */,
			);
			path = AzureCRM;
			sourceTree = "<group>";
		};
		4983B07F1C5D8C430040E1E2 /* Supporting Files */ = {
			isa = PBXGroup;
			children = (
				49F5DDF41C60314300533DC5 /* SVProgressHUD.framework */,
				4983B0BF1C5EF0A70040E1E2 /* MicrosoftAzureMobile.framework */,
				4983B0AD1C5E7EC00040E1E2 /* FBSDKShareKit.framework */,
				4983B0AB1C5E7E130040E1E2 /* FBSDKLoginKit.framework */,
				4983B0A41C5E6FBB0040E1E2 /* FBSDKCoreKit.framework */,
				4983B0801C5D8C430040E1E2 /* main.m */,
			);
			name = "Supporting Files";
			sourceTree = "<group>";
		};
		4983B09F1C5E6AF90040E1E2 /* View Controllers */ = {
			isa = PBXGroup;
			children = (
				49F5DDFF1C603C4B00533DC5 /* Message History */,
				4983B0B51C5EC0620040E1E2 /* Contacts */,
				4983B0B21C5EAD100040E1E2 /* Login */,
				4983B0AF1C5EA7BB0040E1E2 /* NBRootViewController.h */,
				4983B0B01C5EA7BB0040E1E2 /* NBRootViewController.m */,
				4983B0B31C5EBE1D0040E1E2 /* NBRootView.xib */,
			);
			name = "View Controllers";
			sourceTree = "<group>";
		};
		4983B0A01C5E6B810040E1E2 /* Classes */ = {
			isa = PBXGroup;
			children = (
				4983B0C11C5EF4360040E1E2 /* Controls */,
				4983B0821C5D8C430040E1E2 /* NBAppDelegate.h */,
				4983B0831C5D8C430040E1E2 /* NBAppDelegate.m */,
				4983B0A11C5E6BA50040E1E2 /* NBAzureClient.h */,
				4983B0A21C5E6BA50040E1E2 /* NBAzureClient.m */,
			);
			name = Classes;
			sourceTree = "<group>";
		};
		4983B0B21C5EAD100040E1E2 /* Login */ = {
			isa = PBXGroup;
			children = (
				4983B0A61C5E72100040E1E2 /* NBLoginViewController.h */,
				4983B0A71C5E72100040E1E2 /* NBLoginViewController.m */,
				4983B0A81C5E72100040E1E2 /* NBLoginView.xib */,
			);
			name = Login;
			sourceTree = "<group>";
		};
		4983B0B51C5EC0620040E1E2 /* Contacts */ = {
			isa = PBXGroup;
			children = (
				4983B09C1C5E6ACF0040E1E2 /* NBContactsTableViewController.h */,
				4983B09D1C5E6ACF0040E1E2 /* NBContactsTableViewController.m */,
				4983B0B61C5EC0A20040E1E2 /* NBEditContactTableViewController.h */,
				4983B0B71C5EC0A20040E1E2 /* NBEditContactTableViewController.m */,
			);
			name = Contacts;
			sourceTree = "<group>";
		};
		4983B0B91C5EC1B10040E1E2 /* Tableview Cells */ = {
			isa = PBXGroup;
			children = (
				4983B0BA1C5EC1CF0040E1E2 /* NBTextfieldTableViewCell.h */,
				4983B0BB1C5EC1CF0040E1E2 /* NBTextfieldTableViewCell.m */,
				4983B0BC1C5EC1CF0040E1E2 /* NBTextfieldTableViewCell.xib */,
				49F5DDFA1C603A9B00533DC5 /* NBRightDetailTableViewCell.h */,
				49F5DDFB1C603A9B00533DC5 /* NBRightDetailTableViewCell.m */,
				49F5DDFC1C603A9B00533DC5 /* NBRightDetailTableViewCell.xib */,
				49F5DE041C603FA800533DC5 /* NBDatePickerTableViewCell.h */,
				49F5DE051C603FA800533DC5 /* NBDatePickerTableViewCell.m */,
				49F5DE061C603FA800533DC5 /* NBDatePickerTableViewCell.xib */,
			);
			name = "Tableview Cells";
			sourceTree = "<group>";
		};
		4983B0C11C5EF4360040E1E2 /* Controls */ = {
			isa = PBXGroup;
			children = (
				4983B0C21C5EF44A0040E1E2 /* NBUnderlineTextField.h */,
				4983B0C31C5EF44A0040E1E2 /* NBUnderlineTextField.m */,
			);
			name = Controls;
			sourceTree = "<group>";
		};
		49F5DDFF1C603C4B00533DC5 /* Message History */ = {
			isa = PBXGroup;
			children = (
				49F5DDF71C6033F400533DC5 /* NBContactHistoryTableViewController.h */,
				49F5DDF81C6033F400533DC5 /* NBContactHistoryTableViewController.m */,
				49F5DE011C603CC500533DC5 /* NBEditMessageTableViewController.h */,
				49F5DE021C603CC500533DC5 /* NBEditMessageTableViewController.m */,
			);
			name = "Message History";
			sourceTree = "<group>";
		};
/* End PBXGroup section */

/* Begin PBXNativeTarget section */
		4983B07B1C5D8C430040E1E2 /* AzureCRM */ = {
			isa = PBXNativeTarget;
			buildConfigurationList = 4983B0931C5D8C430040E1E2 /* Build configuration list for PBXNativeTarget "AzureCRM" */;
			buildPhases = (
				4983B0781C5D8C430040E1E2 /* Sources */,
				4983B0791C5D8C430040E1E2 /* Frameworks */,
				4983B07A1C5D8C430040E1E2 /* Resources */,
				49F5DDF61C60316100533DC5 /* carthage copy frameworks */,
			);
			buildRules = (
			);
			dependencies = (
			);
			name = AzureCRM;
			productName = AzureCRM;
			productReference = 4983B07C1C5D8C430040E1E2 /* AzureCRM.app */;
			productType = "com.apple.product-type.application";
		};
/* End PBXNativeTarget section */

/* Begin PBXProject section */
		4983B0741C5D8C430040E1E2 /* Project object */ = {
			isa = PBXProject;
			attributes = {
				LastUpgradeCheck = 0720;
				ORGANIZATIONNAME = NormBarnard;
				TargetAttributes = {
					4983B07B1C5D8C430040E1E2 = {
						CreatedOnToolsVersion = 7.2;
					};
				};
			};
			buildConfigurationList = 4983B0771C5D8C430040E1E2 /* Build configuration list for PBXProject "AzureCRM" */;
			compatibilityVersion = "Xcode 3.2";
			developmentRegion = English;
			hasScannedForEncodings = 0;
			knownRegions = (
				en,
				Base,
			);
			mainGroup = 4983B0731C5D8C430040E1E2;
			productRefGroup = 4983B07D1C5D8C430040E1E2 /* Products */;
			projectDirPath = "";
			projectRoot = "";
			targets = (
				4983B07B1C5D8C430040E1E2 /* AzureCRM */,
			);
		};
/* End PBXProject section */

/* Begin PBXResourcesBuildPhase section */
		4983B07A1C5D8C430040E1E2 /* Resources */ = {
			isa = PBXResourcesBuildPhase;
			buildActionMask = 2147483647;
			files = (
				49F5DE081C603FA800533DC5 /* NBDatePickerTableViewCell.xib in Resources */,
				4983B0BE1C5EC1CF0040E1E2 /* NBTextfieldTableViewCell.xib in Resources */,
				4983B0AA1C5E72100040E1E2 /* NBLoginView.xib in Resources */,
				49F5DDFE1C603A9B00533DC5 /* NBRightDetailTableViewCell.xib in Resources */,
				4983B08F1C5D8C430040E1E2 /* LaunchScreen.storyboard in Resources */,
				4983B0B41C5EBE1D0040E1E2 /* NBRootView.xib in Resources */,
				4983B08C1C5D8C430040E1E2 /* Assets.xcassets in Resources */,
			);
			runOnlyForDeploymentPostprocessing = 0;
		};
/* End PBXResourcesBuildPhase section */

/* Begin PBXShellScriptBuildPhase section */
		49F5DDF61C60316100533DC5 /* carthage copy frameworks */ = {
			isa = PBXShellScriptBuildPhase;
			buildActionMask = 2147483647;
			files = (
			);
			inputPaths = (
				"$(SRCROOT)/Carthage/Build/iOS/SVProgressHUD.framework",
			);
			name = "carthage copy frameworks";
			outputPaths = (
			);
			runOnlyForDeploymentPostprocessing = 0;
			shellPath = /bin/sh;
			shellScript = "/usr/local/bin/carthage copy-frameworks";
		};
/* End PBXShellScriptBuildPhase section */

/* Begin PBXSourcesBuildPhase section */
		4983B0781C5D8C430040E1E2 /* Sources */ = {
			isa = PBXSourcesBuildPhase;
			buildActionMask = 2147483647;
			files = (
				4983B0A31C5E6BA50040E1E2 /* NBAzureClient.m in Sources */,
				4983B0BD1C5EC1CF0040E1E2 /* NBTextfieldTableViewCell.m in Sources */,
				4983B0841C5D8C430040E1E2 /* NBAppDelegate.m in Sources */,
				49F5DE071C603FA800533DC5 /* NBDatePickerTableViewCell.m in Sources */,
				49F5DDF91C6033F400533DC5 /* NBContactHistoryTableViewController.m in Sources */,
				4983B0B81C5EC0A20040E1E2 /* NBEditContactTableViewController.m in Sources */,
				4983B0A91C5E72100040E1E2 /* NBLoginViewController.m in Sources */,
				4983B0811C5D8C430040E1E2 /* main.m in Sources */,
				49F5DDFD1C603A9B00533DC5 /* NBRightDetailTableViewCell.m in Sources */,
				4983B0B11C5EA7BB0040E1E2 /* NBRootViewController.m in Sources */,
				4983B09E1C5E6ACF0040E1E2 /* NBContactsTableViewController.m in Sources */,
				4983B0C41C5EF44A0040E1E2 /* NBUnderlineTextField.m in Sources */,
				49F5DE031C603CC500533DC5 /* NBEditMessageTableViewController.m in Sources */,
			);
			runOnlyForDeploymentPostprocessing = 0;
		};
/* End PBXSourcesBuildPhase section */

/* Begin PBXVariantGroup section */
		4983B08D1C5D8C430040E1E2 /* LaunchScreen.storyboard */ = {
			isa = PBXVariantGroup;
			children = (
				4983B08E1C5D8C430040E1E2 /* Base */,
			);
			name = LaunchScreen.storyboard;
			sourceTree = "<group>";
		};
/* End PBXVariantGroup section */

/* Begin XCBuildConfiguration section */
		4983B0911C5D8C430040E1E2 /* Debug */ = {
			isa = XCBuildConfiguration;
			buildSettings = {
				ALWAYS_SEARCH_USER_PATHS = NO;
				CLANG_CXX_LANGUAGE_STANDARD = "gnu++0x";
				CLANG_CXX_LIBRARY = "libc++";
				CLANG_ENABLE_MODULES = YES;
				CLANG_ENABLE_OBJC_ARC = YES;
				CLANG_WARN_BOOL_CONVERSION = YES;
				CLANG_WARN_CONSTANT_CONVERSION = YES;
				CLANG_WARN_DIRECT_OBJC_ISA_USAGE = YES_ERROR;
				CLANG_WARN_EMPTY_BODY = YES;
				CLANG_WARN_ENUM_CONVERSION = YES;
				CLANG_WARN_INT_CONVERSION = YES;
				CLANG_WARN_OBJC_ROOT_CLASS = YES_ERROR;
				CLANG_WARN_UNREACHABLE_CODE = YES;
				CLANG_WARN__DUPLICATE_METHOD_MATCH = YES;
				"CODE_SIGN_IDENTITY[sdk=iphoneos*]" = "iPhone Developer";
				COPY_PHASE_STRIP = NO;
				DEBUG_INFORMATION_FORMAT = dwarf;
				ENABLE_STRICT_OBJC_MSGSEND = YES;
				ENABLE_TESTABILITY = YES;
				GCC_C_LANGUAGE_STANDARD = gnu99;
				GCC_DYNAMIC_NO_PIC = NO;
				GCC_NO_COMMON_BLOCKS = YES;
				GCC_OPTIMIZATION_LEVEL = 0;
				GCC_PREPROCESSOR_DEFINITIONS = (
					"DEBUG=1",
					"$(inherited)",
				);
				GCC_WARN_64_TO_32_BIT_CONVERSION = YES;
				GCC_WARN_ABOUT_RETURN_TYPE = YES_ERROR;
				GCC_WARN_UNDECLARED_SELECTOR = YES;
				GCC_WARN_UNINITIALIZED_AUTOS = YES_AGGRESSIVE;
				GCC_WARN_UNUSED_FUNCTION = YES;
				GCC_WARN_UNUSED_VARIABLE = YES;
				IPHONEOS_DEPLOYMENT_TARGET = 9.2;
				MTL_ENABLE_DEBUG_INFO = YES;
				ONLY_ACTIVE_ARCH = YES;
				SDKROOT = iphoneos;
			};
			name = Debug;
		};
		4983B0921C5D8C430040E1E2 /* Release */ = {
			isa = XCBuildConfiguration;
			buildSettings = {
				ALWAYS_SEARCH_USER_PATHS = NO;
				CLANG_CXX_LANGUAGE_STANDARD = "gnu++0x";
				CLANG_CXX_LIBRARY = "libc++";
				CLANG_ENABLE_MODULES = YES;
				CLANG_ENABLE_OBJC_ARC = YES;
				CLANG_WARN_BOOL_CONVERSION = YES;
				CLANG_WARN_CONSTANT_CONVERSION = YES;
				CLANG_WARN_DIRECT_OBJC_ISA_USAGE = YES_ERROR;
				CLANG_WARN_EMPTY_BODY = YES;
				CLANG_WARN_ENUM_CONVERSION = YES;
				CLANG_WARN_INT_CONVERSION = YES;
				CLANG_WARN_OBJC_ROOT_CLASS = YES_ERROR;
				CLANG_WARN_UNREACHABLE_CODE = YES;
				CLANG_WARN__DUPLICATE_METHOD_MATCH = YES;
				"CODE_SIGN_IDENTITY[sdk=iphoneos*]" = "iPhone Developer";
				COPY_PHASE_STRIP = NO;
				DEBUG_INFORMATION_FORMAT = "dwarf-with-dsym";
				ENABLE_NS_ASSERTIONS = NO;
				ENABLE_STRICT_OBJC_MSGSEND = YES;
				GCC_C_LANGUAGE_STANDARD = gnu99;
				GCC_NO_COMMON_BLOCKS = YES;
				GCC_WARN_64_TO_32_BIT_CONVERSION = YES;
				GCC_WARN_ABOUT_RETURN_TYPE = YES_ERROR;
				GCC_WARN_UNDECLARED_SELECTOR = YES;
				GCC_WARN_UNINITIALIZED_AUTOS = YES_AGGRESSIVE;
				GCC_WARN_UNUSED_FUNCTION = YES;
				GCC_WARN_UNUSED_VARIABLE = YES;
				IPHONEOS_DEPLOYMENT_TARGET = 9.2;
				MTL_ENABLE_DEBUG_INFO = NO;
				SDKROOT = iphoneos;
				VALIDATE_PRODUCT = YES;
			};
			name = Release;
		};
		4983B0941C5D8C430040E1E2 /* Debug */ = {
			isa = XCBuildConfiguration;
			buildSettings = {
				ASSETCATALOG_COMPILER_APPICON_NAME = AppIcon;
				FRAMEWORK_SEARCH_PATHS = (
					"$(inherited)",
					"$(PROJECT_DIR)/AzureCRM",
					"$(PROJECT_DIR)/FacebookSDKs-iOS",
					"$(PROJECT_DIR)",
					"$(PROJECT_DIR)/Carthage/Build/iOS",
				);
				INFOPLIST_FILE = AzureCRM/Info.plist;
				LD_RUNPATH_SEARCH_PATHS = "$(inherited) @executable_path/Frameworks";
				OTHER_LDFLAGS = (
					"-ObjC",
					"-all_load",
				);
				PRODUCT_BUNDLE_IDENTIFIER = com.normbarnard.AzureCRM;
				PRODUCT_NAME = "$(TARGET_NAME)";
			};
			name = Debug;
		};
		4983B0951C5D8C430040E1E2 /* Release */ = {
			isa = XCBuildConfiguration;
			buildSettings = {
				ASSETCATALOG_COMPILER_APPICON_NAME = AppIcon;
				FRAMEWORK_SEARCH_PATHS = (
					"$(inherited)",
					"$(PROJECT_DIR)/AzureCRM",
					"$(PROJECT_DIR)/FacebookSDKs-iOS",
					"$(PROJECT_DIR)",
					"$(PROJECT_DIR)/Carthage/Build/iOS",
				);
				INFOPLIST_FILE = AzureCRM/Info.plist;
				LD_RUNPATH_SEARCH_PATHS = "$(inherited) @executable_path/Frameworks";
				OTHER_LDFLAGS = (
					"-ObjC",
					"-all_load",
				);
				PRODUCT_BUNDLE_IDENTIFIER = com.normbarnard.AzureCRM;
				PRODUCT_NAME = "$(TARGET_NAME)";
			};
			name = Release;
		};
/* End XCBuildConfiguration section */

/* Begin XCConfigurationList section */
		4983B0771C5D8C430040E1E2 /* Build configuration list for PBXProject "AzureCRM" */ = {
			isa = XCConfigurationList;
			buildConfigurations = (
				4983B0911C5D8C430040E1E2 /* Debug */,
				4983B0921C5D8C430040E1E2 /* Release */,
			);
			defaultConfigurationIsVisible = 0;
			defaultConfigurationName = Release;
		};
		4983B0931C5D8C430040E1E2 /* Build configuration list for PBXNativeTarget "AzureCRM" */ = {
			isa = XCConfigurationList;
			buildConfigurations = (
				4983B0941C5D8C430040E1E2 /* Debug */,
				4983B0951C5D8C430040E1E2 /* Release */,
			);
			defaultConfigurationIsVisible = 0;
			defaultConfigurationName = Release;
		};
/* End XCConfigurationList section */
	};
	rootObject = 4983B0741C5D8C430040E1E2 /* Project object */;
}
